
Microsoft Visual Studio Solution File, Format Version 12.00
Project("{FAE04EC0-301F-11D3-BF4B-00C04F79EFBC}") = "ReliableKafkaConsumer", "ReliableKafkaConsumer\ReliableKafkaConsumer.csproj", "{A4402CBB-857D-4E6D-8B80-0BFD9BCF6A60}"
EndProject
Project("{FAE04EC0-301F-11D3-BF4B-00C04F79EFBC}") = "ReliableKafkaProducer", "ReliableKafkaProducer\ReliableKafkaProducer.csproj", "{4CEB0D99-3113-40FF-AC76-59C5C6CA8801}"
EndProject
Global
	GlobalSection(SolutionConfigurationPlatforms) = preSolution
		Debug|Any CPU = Debug|Any CPU
		Release|Any CPU = Release|Any CPU
	EndGlobalSection
	GlobalSection(ProjectConfigurationPlatforms) = postSolution
		{A4402CBB-857D-4E6D-8B80-0BFD9BCF6A60}.Debug|Any CPU.ActiveCfg = Debug|Any CPU
		{A4402CBB-857D-4E6D-8B80-0BFD9BCF6A60}.Debug|Any CPU.Build.0 = Debug|Any CPU
		{A4402CBB-857D-4E6D-8B80-0BFD9BCF6A60}.Release|Any CPU.ActiveCfg = Release|Any CPU
		{A4402CBB-857D-4E6D-8B80-0BFD9BCF6A60}.Release|Any CPU.Build.0 = Release|Any CPU
		{4CEB0D99-3113-40FF-AC76-59C5C6CA8801}.Debug|Any CPU.ActiveCfg = Debug|Any CPU
		{4CEB0D99-3113-40FF-AC76-59C5C6CA8801}.Debug|Any CPU.Build.0 = Debug|Any CPU
		{4CEB0D99-3113-40FF-AC76-59C5C6CA8801}.Release|Any CPU.ActiveCfg = Release|Any CPU
		{4CEB0D99-3113-40FF-AC76-59C5C6CA8801}.Release|Any CPU.Build.0 = Release|Any CPU
	EndGlobalSection
EndGlobal
